
Microsoft Visual Studio Solution File, Format Version 12.00
# Visual Studio Version 17
VisualStudioVersion = 17.9.34622.214
MinimumVisualStudioVersion = 10.0.40219.1
Project("{9A19103F-16F7-4668-BE54-9A1E7A4F7556}") = "UnitTests.DependencyInjection", "UnitTests.DependencyInjection\UnitTests.DependencyInjection.csproj", "{9055D918-DF21-455A-96DF-A88EAADCD1E5}"
EndProject
Project("{FAE04EC0-301F-11D3-BF4B-00C04F79EFBC}") = "UnitTests.DependencyInjection.Tests", "UnitTests.DependencyInjection.Tests\UnitTests.DependencyInjection.Tests.csproj", "{4EE8CAC7-21D2-4938-83F8-DE37A97722FC}"
EndProject
Global
	GlobalSection(SolutionConfigurationPlatforms) = preSolution
		Debug|Any CPU = Debug|Any CPU
		Release|Any CPU = Release|Any CPU
	EndGlobalSection
	GlobalSection(ProjectConfigurationPlatforms) = postSolution
		{9055D918-DF21-455A-96DF-A88EAADCD1E5}.Debug|Any CPU.ActiveCfg = Debug|Any CPU
		{9055D918-DF21-455A-96DF-A88EAADCD1E5}.Debug|Any CPU.Build.0 = Debug|Any CPU
		{9055D918-DF21-455A-96DF-A88EAADCD1E5}.Release|Any CPU.ActiveCfg = Release|Any CPU
		{9055D918-DF21-455A-96DF-A88EAADCD1E5}.Release|Any CPU.Build.0 = Release|Any CPU
		{4EE8CAC7-21D2-4938-83F8-DE37A97722FC}.Debug|Any CPU.ActiveCfg = Debug|Any CPU
		{4EE8CAC7-21D2-4938-83F8-DE37A97722FC}.Debug|Any CPU.Build.0 = Debug|Any CPU
		{4EE8CAC7-21D2-4938-83F8-DE37A97722FC}.Release|Any CPU.ActiveCfg = Release|Any CPU
		{4EE8CAC7-21D2-4938-83F8-DE37A97722FC}.Release|Any CPU.Build.0 = Release|Any CPU
	EndGlobalSection
	GlobalSection(SolutionProperties) = preSolution
		HideSolutionNode = FALSE
	EndGlobalSection
	GlobalSection(ExtensibilityGlobals) = postSolution
		SolutionGuid = {DD2CA644-E031-431F-BEDD-7D67F109C408}
	EndGlobalSection
EndGlobal
